
Microsoft Visual Studio Solution File, Format Version 12.00
# Visual Studio Version 16
VisualStudioVersion = 16.0.31005.135
MinimumVisualStudioVersion = 10.0.40219.1
Project("{FAE04EC0-301F-11D3-BF4B-00C04F79EFBC}") = "ChessRules", "Chess\ChessRules.csproj", "{89F77119-5592-46EC-A0B4-47F76845BB96}"
EndProject
Project("{FAE04EC0-301F-11D3-BF4B-00C04F79EFBC}") = "DemoChess", "DemoChess\DemoChess.csproj", "{58D17005-D1FD-45DF-B96E-D09A8B8816E1}"
EndProject
Global
	GlobalSection(SolutionConfigurationPlatforms) = preSolution
		Debug|Any CPU = Debug|Any CPU
		Release|Any CPU = Release|Any CPU
	EndGlobalSection
	GlobalSection(ProjectConfigurationPlatforms) = postSolution
		{89F77119-5592-46EC-A0B4-47F76845BB96}.Debug|Any CPU.ActiveCfg = Debug|Any CPU
		{89F77119-5592-46EC-A0B4-47F76845BB96}.Debug|Any CPU.Build.0 = Debug|Any CPU
		{89F77119-5592-46EC-A0B4-47F76845BB96}.Release|Any CPU.ActiveCfg = Release|Any CPU
		{89F77119-5592-46EC-A0B4-47F76845BB96}.Release|Any CPU.Build.0 = Release|Any CPU
		{58D17005-D1FD-45DF-B96E-D09A8B8816E1}.Debug|Any CPU.ActiveCfg = Debug|Any CPU
		{58D17005-D1FD-45DF-B96E-D09A8B8816E1}.Debug|Any CPU.Build.0 = Debug|Any CPU
		{58D17005-D1FD-45DF-B96E-D09A8B8816E1}.Release|Any CPU.ActiveCfg = Release|Any CPU
		{58D17005-D1FD-45DF-B96E-D09A8B8816E1}.Release|Any CPU.Build.0 = Release|Any CPU
	EndGlobalSection
	GlobalSection(SolutionProperties) = preSolution
		HideSolutionNode = FALSE
	EndGlobalSection
	GlobalSection(ExtensibilityGlobals) = postSolution
		SolutionGuid = {68DD74EA-646A-41C6-9F8D-F694E73C444C}
	EndGlobalSection
EndGlobal
